
Microsoft Visual Studio Solution File, Format Version 12.00
# Visual Studio Version 17
VisualStudioVersion = 17.14.36603.0 d17.14
MinimumVisualStudioVersion = 10.0.40219.1
Project("{FAE04EC0-301F-11D3-BF4B-00C04F79EFBC}") = "PAA LKM 1", "PAA LKM 1\PAA LKM 1.csproj", "{B62255C2-C3EC-479A-ACA4-18D4970F4322}"
EndProject
Global
	GlobalSection(SolutionConfigurationPlatforms) = preSolution
		Debug|Any CPU = Debug|Any CPU
		Release|Any CPU = Release|Any CPU
	EndGlobalSection
	GlobalSection(ProjectConfigurationPlatforms) = postSolution
		{B62255C2-C3EC-479A-ACA4-18D4970F4322}.Debug|Any CPU.ActiveCfg = Debug|Any CPU
		{B62255C2-C3EC-479A-ACA4-18D4970F4322}.Debug|Any CPU.Build.0 = Debug|Any CPU
		{B62255C2-C3EC-479A-ACA4-18D4970F4322}.Release|Any CPU.ActiveCfg = Release|Any CPU
		{B62255C2-C3EC-479A-ACA4-18D4970F4322}.Release|Any CPU.Build.0 = Release|Any CPU
	EndGlobalSection
	GlobalSection(SolutionProperties) = preSolution
		HideSolutionNode = FALSE
	EndGlobalSection
	GlobalSection(ExtensibilityGlobals) = postSolution
		SolutionGuid = {F8C682E3-2564-47D5-A01D-81157EE8134B}
	EndGlobalSection
EndGlobal
